
Microsoft Visual Studio Solution File, Format Version 12.00
# Visual Studio 15
VisualStudioVersion = 15.0.28010.2036
MinimumVisualStudioVersion = 10.0.40219.1
Project("{133060DB-C842-4A7F-B7F4-E2995E494966}") = "Supply", "Supply\Supply.csproj", "{FCD773C5-2657-4300-9CC9-8F2ED03E4B6A}"
EndProject
Global
	GlobalSection(SolutionConfigurationPlatforms) = preSolution
		Debug|Any CPU = Debug|Any CPU
		Release|Any CPU = Release|Any CPU
	EndGlobalSection
	GlobalSection(ProjectConfigurationPlatforms) = postSolution
		{FCD773C5-2657-4300-9CC9-8F2ED03E4B6A}.Debug|Any CPU.ActiveCfg = Debug|Any CPU
		{FCD773C5-2657-4300-9CC9-8F2ED03E4B6A}.Debug|Any CPU.Build.0 = Debug|Any CPU
		{FCD773C5-2657-4300-9CC9-8F2ED03E4B6A}.Release|Any CPU.ActiveCfg = Release|Any CPU
		{FCD773C5-2657-4300-9CC9-8F2ED03E4B6A}.Release|Any CPU.Build.0 = Release|Any CPU
	EndGlobalSection
	GlobalSection(SolutionProperties) = preSolution
		HideSolutionNode = FALSE
	EndGlobalSection
	GlobalSection(ExtensibilityGlobals) = postSolution
		SolutionGuid = {58240620-CB6D-4308-870B-7857F7D4DD6C}
	EndGlobalSection
EndGlobal
